
Microsoft Visual Studio Solution File, Format Version 12.00
# Visual Studio Version 17
VisualStudioVersion = 17.5.002.0
MinimumVisualStudioVersion = 10.0.40219.1
Project("{9A19103F-16F7-4668-BE54-9A1E7A4F7556}") = "TestesUnitarios.Desafio.Tests", "TestesUnitarios.Desafio.Tests.csproj", "{94C9146D-F89F-45BC-B97E-FF03997DB981}"
EndProject
Global
	GlobalSection(SolutionConfigurationPlatforms) = preSolution
		Debug|Any CPU = Debug|Any CPU
		Release|Any CPU = Release|Any CPU
	EndGlobalSection
	GlobalSection(ProjectConfigurationPlatforms) = postSolution
		{94C9146D-F89F-45BC-B97E-FF03997DB981}.Debug|Any CPU.ActiveCfg = Debug|Any CPU
		{94C9146D-F89F-45BC-B97E-FF03997DB981}.Debug|Any CPU.Build.0 = Debug|Any CPU
		{94C9146D-F89F-45BC-B97E-FF03997DB981}.Release|Any CPU.ActiveCfg = Release|Any CPU
		{94C9146D-F89F-45BC-B97E-FF03997DB981}.Release|Any CPU.Build.0 = Release|Any CPU
	EndGlobalSection
	GlobalSection(SolutionProperties) = preSolution
		HideSolutionNode = FALSE
	EndGlobalSection
	GlobalSection(ExtensibilityGlobals) = postSolution
		SolutionGuid = {2E567D02-7A6B-4D67-BB33-07B44F2706BD}
	EndGlobalSection
EndGlobal
